// !$*UTF8*$!
{
	archiveVersion = 1;
	classes = {
	};
	objectVersion = 50;
	objects = {

/* Begin PBXBuildFile section */
		92F4FE38230F7AC3006017A4 /* LoginPage.storyboard in Resources */ = {isa = PBXBuildFile; fileRef = 92F4FE37230F7AC3006017A4 /* LoginPage.storyboard */; };
		92F4FE3A230F80E0006017A4 /* AppHomepage.storyboard in Resources */ = {isa = PBXBuildFile; fileRef = 92F4FE39230F80E0006017A4 /* AppHomepage.storyboard */; };
		92F4FE3C230F9CD2006017A4 /* TopNineItem.swift in Sources */ = {isa = PBXBuildFile; fileRef = 92F4FE3B230F9CD2006017A4 /* TopNineItem.swift */; };
		92F4FE3E230F9DDD006017A4 /* TopNineCategory.swift in Sources */ = {isa = PBXBuildFile; fileRef = 92F4FE3D230F9DDD006017A4 /* TopNineCategory.swift */; };
		A45FEE95230E27C2009E103D /* AppDelegate.swift in Sources */ = {isa = PBXBuildFile; fileRef = A45FEE94230E27C2009E103D /* AppDelegate.swift */; };
		A45FEE97230E27C2009E103D /* ViewController.swift in Sources */ = {isa = PBXBuildFile; fileRef = A45FEE96230E27C2009E103D /* ViewController.swift */; };
		A45FEE9A230E27C2009E103D /* Main.storyboard in Resources */ = {isa = PBXBuildFile; fileRef = A45FEE98230E27C2009E103D /* Main.storyboard */; };
		A45FEE9C230E27C4009E103D /* Assets.xcassets in Resources */ = {isa = PBXBuildFile; fileRef = A45FEE9B230E27C4009E103D /* Assets.xcassets */; };
		A45FEE9F230E27C4009E103D /* LaunchScreen.storyboard in Resources */ = {isa = PBXBuildFile; fileRef = A45FEE9D230E27C4009E103D /* LaunchScreen.storyboard */; };
/* End PBXBuildFile section */

/* Begin PBXFileReference section */
		92F4FE37230F7AC3006017A4 /* LoginPage.storyboard */ = {isa = PBXFileReference; lastKnownFileType = file.storyboard; path = LoginPage.storyboard; sourceTree = "<group>"; };
		92F4FE39230F80E0006017A4 /* AppHomepage.storyboard */ = {isa = PBXFileReference; lastKnownFileType = file.storyboard; path = AppHomepage.storyboard; sourceTree = "<group>"; };
		92F4FE3B230F9CD2006017A4 /* TopNineItem.swift */ = {isa = PBXFileReference; lastKnownFileType = sourcecode.swift; path = TopNineItem.swift; sourceTree = "<group>"; };
		92F4FE3D230F9DDD006017A4 /* TopNineCategory.swift */ = {isa = PBXFileReference; lastKnownFileType = sourcecode.swift; path = TopNineCategory.swift; sourceTree = "<group>"; };
		A45FEE91230E27C2009E103D /* My Top Nine.app */ = {isa = PBXFileReference; explicitFileType = wrapper.application; includeInIndex = 0; path = "My Top Nine.app"; sourceTree = BUILT_PRODUCTS_DIR; };
		A45FEE94230E27C2009E103D /* AppDelegate.swift */ = {isa = PBXFileReference; lastKnownFileType = sourcecode.swift; path = AppDelegate.swift; sourceTree = "<group>"; };
		A45FEE96230E27C2009E103D /* ViewController.swift */ = {isa = PBXFileReference; lastKnownFileType = sourcecode.swift; path = ViewController.swift; sourceTree = "<group>"; };
		A45FEE99230E27C2009E103D /* Base */ = {isa = PBXFileReference; lastKnownFileType = file.storyboard; name = Base; path = Base.lproj/Main.storyboard; sourceTree = "<group>"; };
		A45FEE9B230E27C4009E103D /* Assets.xcassets */ = {isa = PBXFileReference; lastKnownFileType = folder.assetcatalog; path = Assets.xcassets; sourceTree = "<group>"; };
		A45FEE9E230E27C4009E103D /* Base */ = {isa = PBXFileReference; lastKnownFileType = file.storyboard; name = Base; path = Base.lproj/LaunchScreen.storyboard; sourceTree = "<group>"; };
		A45FEEA0230E27C4009E103D /* Info.plist */ = {isa = PBXFileReference; lastKnownFileType = text.plist.xml; path = Info.plist; sourceTree = "<group>"; };
/* End PBXFileReference section */

/* Begin PBXFrameworksBuildPhase section */
		A45FEE8E230E27C2009E103D /* Frameworks */ = {
			isa = PBXFrameworksBuildPhase;
			buildActionMask = 2147483647;
			files = (
			);
			runOnlyForDeploymentPostprocessing = 0;
		};
/* End PBXFrameworksBuildPhase section */

/* Begin PBXGroup section */
		A45FEE88230E27C2009E103D = {
			isa = PBXGroup;
			children = (
				A45FEE93230E27C2009E103D /* My Top Nine */,
				A45FEE92230E27C2009E103D /* Products */,
			);
			sourceTree = "<group>";
		};
		A45FEE92230E27C2009E103D /* Products */ = {
			isa = PBXGroup;
			children = (
				A45FEE91230E27C2009E103D /* My Top Nine.app */,
			);
			name = Products;
			sourceTree = "<group>";
		};
		A45FEE93230E27C2009E103D /* My Top Nine */ = {
			isa = PBXGroup;
			children = (
				A45FEE94230E27C2009E103D /* AppDelegate.swift */,
				A45FEE96230E27C2009E103D /* ViewController.swift */,
				A45FEE98230E27C2009E103D /* Main.storyboard */,
				A45FEE9B230E27C4009E103D /* Assets.xcassets */,
				A45FEE9D230E27C4009E103D /* LaunchScreen.storyboard */,
				A45FEEA0230E27C4009E103D /* Info.plist */,
				92F4FE37230F7AC3006017A4 /* LoginPage.storyboard */,
				92F4FE39230F80E0006017A4 /* AppHomepage.storyboard */,
				92F4FE3B230F9CD2006017A4 /* TopNineItem.swift */,
				92F4FE3D230F9DDD006017A4 /* TopNineCategory.swift */,
			);
			path = "My Top Nine";
			sourceTree = "<group>";
		};
/* End PBXGroup section */

/* Begin PBXNativeTarget section */
		A45FEE90230E27C2009E103D /* My Top Nine */ = {
			isa = PBXNativeTarget;
			buildConfigurationList = A45FEEA3230E27C4009E103D /* Build configuration list for PBXNativeTarget "My Top Nine" */;
			buildPhases = (
				A45FEE8D230E27C2009E103D /* Sources */,
				A45FEE8E230E27C2009E103D /* Frameworks */,
				A45FEE8F230E27C2009E103D /* Resources */,
			);
			buildRules = (
			);
			dependencies = (
			);
			name = "My Top Nine";
			productName = "My Top Nine";
			productReference = A45FEE91230E27C2009E103D /* My Top Nine.app */;
			productType = "com.apple.product-type.application";
		};
/* End PBXNativeTarget section */

/* Begin PBXProject section */
		A45FEE89230E27C2009E103D /* Project object */ = {
			isa = PBXProject;
			attributes = {
				LastSwiftUpdateCheck = 1020;
				LastUpgradeCheck = 1020;
				ORGANIZATIONNAME = "Lambda School";
				TargetAttributes = {
					A45FEE90230E27C2009E103D = {
						CreatedOnToolsVersion = 10.2.1;
					};
				};
			};
			buildConfigurationList = A45FEE8C230E27C2009E103D /* Build configuration list for PBXProject "My Top Nine" */;
			compatibilityVersion = "Xcode 9.3";
			developmentRegion = en;
			hasScannedForEncodings = 0;
			knownRegions = (
				en,
				Base,
			);
			mainGroup = A45FEE88230E27C2009E103D;
			productRefGroup = A45FEE92230E27C2009E103D /* Products */;
			projectDirPath = "";
			projectRoot = "";
			targets = (
				A45FEE90230E27C2009E103D /* My Top Nine */,
			);
		};
/* End PBXProject section */

/* Begin PBXResourcesBuildPhase section */
		A45FEE8F230E27C2009E103D /* Resources */ = {
			isa = PBXResourcesBuildPhase;
			buildActionMask = 2147483647;
			files = (
				A45FEE9F230E27C4009E103D /* LaunchScreen.storyboard in Resources */,
				92F4FE38230F7AC3006017A4 /* LoginPage.storyboard in Resources */,
				A45FEE9C230E27C4009E103D /* Assets.xcassets in Resources */,
				92F4FE3A230F80E0006017A4 /* AppHomepage.storyboard in Resources */,
				A45FEE9A230E27C2009E103D /* Main.storyboard in Resources */,
			);
			runOnlyForDeploymentPostprocessing = 0;
		};
/* End PBXResourcesBuildPhase section */

/* Begin PBXSourcesBuildPhase section */
		A45FEE8D230E27C2009E103D /* Sources */ = {
			isa = PBXSourcesBuildPhase;
			buildActionMask = 2147483647;
			files = (
				A45FEE97230E27C2009E103D /* ViewController.swift in Sources */,
				A45FEE95230E27C2009E103D /* AppDelegate.swift in Sources */,
				92F4FE3C230F9CD2006017A4 /* TopNineItem.swift in Sources */,
				92F4FE3E230F9DDD006017A4 /* TopNineCategory.swift in Sources */,
			);
			runOnlyForDeploymentPostprocessing = 0;
		};
/* End PBXSourcesBuildPhase section */

/* Begin PBXVariantGroup section */
		A45FEE98230E27C2009E103D /* Main.storyboard */ = {
			isa = PBXVariantGroup;
			children = (
				A45FEE99230E27C2009E103D /* Base */,
			);
			name = Main.storyboard;
			sourceTree = "<group>";
		};
		A45FEE9D230E27C4009E103D /* LaunchScreen.storyboard */ = {
			isa = PBXVariantGroup;
			children = (
				A45FEE9E230E27C4009E103D /* Base */,
			);
			name = LaunchScreen.storyboard;
			sourceTree = "<group>";
		};
/* End PBXVariantGroup section */

/* Begin XCBuildConfiguration section */
		A45FEEA1230E27C4009E103D /* Debug */ = {
			isa = XCBuildConfiguration;
			buildSettings = {
				ALWAYS_SEARCH_USER_PATHS = NO;
				CLANG_ANALYZER_NONNULL = YES;
				CLANG_ANALYZER_NUMBER_OBJECT_CONVERSION = YES_AGGRESSIVE;
				CLANG_CXX_LANGUAGE_STANDARD = "gnu++14";
				CLANG_CXX_LIBRARY = "libc++";
				CLANG_ENABLE_MODULES = YES;
				CLANG_ENABLE_OBJC_ARC = YES;
				CLANG_ENABLE_OBJC_WEAK = YES;
				CLANG_WARN_BLOCK_CAPTURE_AUTORELEASING = YES;
				CLANG_WARN_BOOL_CONVERSION = YES;
				CLANG_WARN_COMMA = YES;
				CLANG_WARN_CONSTANT_CONVERSION = YES;
				CLANG_WARN_DEPRECATED_OBJC_IMPLEMENTATIONS = YES;
				CLANG_WARN_DIRECT_OBJC_ISA_USAGE = YES_ERROR;
				CLANG_WARN_DOCUMENTATION_COMMENTS = YES;
				CLANG_WARN_EMPTY_BODY = YES;
				CLANG_WARN_ENUM_CONVERSION = YES;
				CLANG_WARN_INFINITE_RECURSION = YES;
				CLANG_WARN_INT_CONVERSION = YES;
				CLANG_WARN_NON_LITERAL_NULL_CONVERSION = YES;
				CLANG_WARN_OBJC_IMPLICIT_RETAIN_SELF = YES;
				CLANG_WARN_OBJC_LITERAL_CONVERSION = YES;
				CLANG_WARN_OBJC_ROOT_CLASS = YES_ERROR;
				CLANG_WARN_RANGE_LOOP_ANALYSIS = YES;
				CLANG_WARN_STRICT_PROTOTYPES = YES;
				CLANG_WARN_SUSPICIOUS_MOVE = YES;
				CLANG_WARN_UNGUARDED_AVAILABILITY = YES_AGGRESSIVE;
				CLANG_WARN_UNREACHABLE_CODE = YES;
				CLANG_WARN__DUPLICATE_METHOD_MATCH = YES;
				CODE_SIGN_IDENTITY = "iPhone Developer";
				COPY_PHASE_STRIP = NO;
				DEBUG_INFORMATION_FORMAT = dwarf;
				ENABLE_STRICT_OBJC_MSGSEND = YES;
				ENABLE_TESTABILITY = YES;
				GCC_C_LANGUAGE_STANDARD = gnu11;
				GCC_DYNAMIC_NO_PIC = NO;
				GCC_NO_COMMON_BLOCKS = YES;
				GCC_OPTIMIZATION_LEVEL = 0;
				GCC_PREPROCESSOR_DEFINITIONS = (
					"DEBUG=1",
					"$(inherited)",
				);
				GCC_WARN_64_TO_32_BIT_CONVERSION = YES;
				GCC_WARN_ABOUT_RETURN_TYPE = YES_ERROR;
				GCC_WARN_UNDECLARED_SELECTOR = YES;
				GCC_WARN_UNINITIALIZED_AUTOS = YES_AGGRESSIVE;
				GCC_WARN_UNUSED_FUNCTION = YES;
				GCC_WARN_UNUSED_VARIABLE = YES;
				IPHONEOS_DEPLOYMENT_TARGET = 12.2;
				MTL_ENABLE_DEBUG_INFO = INCLUDE_SOURCE;
				MTL_FAST_MATH = YES;
				ONLY_ACTIVE_ARCH = YES;
				SDKROOT = iphoneos;
				SWIFT_ACTIVE_COMPILATION_CONDITIONS = DEBUG;
				SWIFT_OPTIMIZATION_LEVEL = "-Onone";
			};
			name = Debug;
		};
		A45FEEA2230E27C4009E103D /* Release */ = {
			isa = XCBuildConfiguration;
			buildSettings = {
				ALWAYS_SEARCH_USER_PATHS = NO;
				CLANG_ANALYZER_NONNULL = YES;
				CLANG_ANALYZER_NUMBER_OBJECT_CONVERSION = YES_AGGRESSIVE;
				CLANG_CXX_LANGUAGE_STANDARD = "gnu++14";
				CLANG_CXX_LIBRARY = "libc++";
				CLANG_ENABLE_MODULES = YES;
				CLANG_ENABLE_OBJC_ARC = YES;
				CLANG_ENABLE_OBJC_WEAK = YES;
				CLANG_WARN_BLOCK_CAPTURE_AUTORELEASING = YES;
				CLANG_WARN_BOOL_CONVERSION = YES;
				CLANG_WARN_COMMA = YES;
				CLANG_WARN_CONSTANT_CONVERSION = YES;
				CLANG_WARN_DEPRECATED_OBJC_IMPLEMENTATIONS = YES;
				CLANG_WARN_DIRECT_OBJC_ISA_USAGE = YES_ERROR;
				CLANG_WARN_DOCUMENTATION_COMMENTS = YES;
				CLANG_WARN_EMPTY_BODY = YES;
				CLANG_WARN_ENUM_CONVERSION = YES;
				CLANG_WARN_INFINITE_RECURSION = YES;
				CLANG_WARN_INT_CONVERSION = YES;
				CLANG_WARN_NON_LITERAL_NULL_CONVERSION = YES;
				CLANG_WARN_OBJC_IMPLICIT_RETAIN_SELF = YES;
				CLANG_WARN_OBJC_LITERAL_CONVERSION = YES;
				CLANG_WARN_OBJC_ROOT_CLASS = YES_ERROR;
				CLANG_WARN_RANGE_LOOP_ANALYSIS = YES;
				CLANG_WARN_STRICT_PROTOTYPES = YES;
				CLANG_WARN_SUSPICIOUS_MOVE = YES;
				CLANG_WARN_UNGUARDED_AVAILABILITY = YES_AGGRESSIVE;
				CLANG_WARN_UNREACHABLE_CODE = YES;
				CLANG_WARN__DUPLICATE_METHOD_MATCH = YES;
				CODE_SIGN_IDENTITY = "iPhone Developer";
				COPY_PHASE_STRIP = NO;
				DEBUG_INFORMATION_FORMAT = "dwarf-with-dsym";
				ENABLE_NS_ASSERTIONS = NO;
				ENABLE_STRICT_OBJC_MSGSEND = YES;
				GCC_C_LANGUAGE_STANDARD = gnu11;
				GCC_NO_COMMON_BLOCKS = YES;
				GCC_WARN_64_TO_32_BIT_CONVERSION = YES;
				GCC_WARN_ABOUT_RETURN_TYPE = YES_ERROR;
				GCC_WARN_UNDECLARED_SELECTOR = YES;
				GCC_WARN_UNINITIALIZED_AUTOS = YES_AGGRESSIVE;
				GCC_WARN_UNUSED_FUNCTION = YES;
				GCC_WARN_UNUSED_VARIABLE = YES;
				IPHONEOS_DEPLOYMENT_TARGET = 12.2;
				MTL_ENABLE_DEBUG_INFO = NO;
				MTL_FAST_MATH = YES;
				SDKROOT = iphoneos;
				SWIFT_COMPILATION_MODE = wholemodule;
				SWIFT_OPTIMIZATION_LEVEL = "-O";
				VALIDATE_PRODUCT = YES;
			};
			name = Release;
		};
		A45FEEA4230E27C4009E103D /* Debug */ = {
			isa = XCBuildConfiguration;
			buildSettings = {
				ASSETCATALOG_COMPILER_APPICON_NAME = AppIcon;
				CODE_SIGN_STYLE = Automatic;
				DEVELOPMENT_TEAM = "";
				INFOPLIST_FILE = "My Top Nine/Info.plist";
				LD_RUNPATH_SEARCH_PATHS = (
					"$(inherited)",
					"@executable_path/Frameworks",
				);
				PRODUCT_BUNDLE_IDENTIFIER = "com.lambdaschool.My-Top-Nine";
				PRODUCT_NAME = "$(TARGET_NAME)";
				SWIFT_VERSION = 5.0;
				TARGETED_DEVICE_FAMILY = "1,2";
			};
			name = Debug;
		};
		A45FEEA5230E27C4009E103D /* Release */ = {
			isa = XCBuildConfiguration;
			buildSettings = {
				ASSETCATALOG_COMPILER_APPICON_NAME = AppIcon;
				CODE_SIGN_STYLE = Automatic;
				DEVELOPMENT_TEAM = "";
				INFOPLIST_FILE = "My Top Nine/Info.plist";
				LD_RUNPATH_SEARCH_PATHS = (
					"$(inherited)",
					"@executable_path/Frameworks",
				);
				PRODUCT_BUNDLE_IDENTIFIER = "com.lambdaschool.My-Top-Nine";
				PRODUCT_NAME = "$(TARGET_NAME)";
				SWIFT_VERSION = 5.0;
				TARGETED_DEVICE_FAMILY = "1,2";
			};
			name = Release;
		};
/* End XCBuildConfiguration section */

/* Begin XCConfigurationList section */
		A45FEE8C230E27C2009E103D /* Build configuration list for PBXProject "My Top Nine" */ = {
			isa = XCConfigurationList;
			buildConfigurations = (
				A45FEEA1230E27C4009E103D /* Debug */,
				A45FEEA2230E27C4009E103D /* Release */,
			);
			defaultConfigurationIsVisible = 0;
			defaultConfigurationName = Release;
		};
		A45FEEA3230E27C4009E103D /* Build configuration list for PBXNativeTarget "My Top Nine" */ = {
			isa = XCConfigurationList;
			buildConfigurations = (
				A45FEEA4230E27C4009E103D /* Debug */,
				A45FEEA5230E27C4009E103D /* Release */,
			);
			defaultConfigurationIsVisible = 0;
			defaultConfigurationName = Release;
		};
/* End XCConfigurationList section */
	};
	rootObject = A45FEE89230E27C2009E103D /* Project object */;
}
